// !$*UTF8*$!
{
	archiveVersion = 1;
	classes = {
	};
	objectVersion = 51;
	objects = {

/* Begin PBXBuildFile section */
		2B8065FD26943EA900EE08D9 /* onekit-config.plist in Resources */ = {isa = PBXBuildFile; fileRef = 2B8065FC26943EA900EE08D9 /* onekit-config.plist */; };
		96BEF5DC2615F4D5008DF46B /* AppDelegate.m in Sources */ = {isa = PBXBuildFile; fileRef = 96BEF5DB2615F4D5008DF46B /* AppDelegate.m */; };
		96BEF5DF2615F4D5008DF46B /* SceneDelegate.m in Sources */ = {isa = PBXBuildFile; fileRef = 96BEF5DE2615F4D5008DF46B /* SceneDelegate.m */; };
		96BEF5E22615F4D5008DF46B /* ViewController.m in Sources */ = {isa = PBXBuildFile; fileRef = 96BEF5E12615F4D5008DF46B /* ViewController.m */; };
		96BEF5E52615F4D5008DF46B /* Main.storyboard in Resources */ = {isa = PBXBuildFile; fileRef = 96BEF5E32615F4D5008DF46B /* Main.storyboard */; };
		96BEF5E72615F4D8008DF46B /* Assets.xcassets in Resources */ = {isa = PBXBuildFile; fileRef = 96BEF5E62615F4D8008DF46B /* Assets.xcassets */; };
		96BEF5EA2615F4D8008DF46B /* LaunchScreen.storyboard in Resources */ = {isa = PBXBuildFile; fileRef = 96BEF5E82615F4D8008DF46B /* LaunchScreen.storyboard */; };
		96BEF5ED2615F4D8008DF46B /* main.m in Sources */ = {isa = PBXBuildFile; fileRef = 96BEF5EC2615F4D8008DF46B /* main.m */; };
		B428284E1CD4C44BA407A88D /* libPods-Account.a in Frameworks */ = {isa = PBXBuildFile; fileRef = B95F42AEE4FB5201F037316B /* libPods-Account.a */; };
/* End PBXBuildFile section */

/* Begin PBXFileReference section */
		0DEB6B6CB8A29813D8284251 /* Pods-Account.release.xcconfig */ = {isa = PBXFileReference; includeInIndex = 1; lastKnownFileType = text.xcconfig; name = "Pods-Account.release.xcconfig"; path = "Target Support Files/Pods-Account/Pods-Account.release.xcconfig"; sourceTree = "<group>"; };
		2B8065FC26943EA900EE08D9 /* onekit-config.plist */ = {isa = PBXFileReference; lastKnownFileType = text.plist; path = "onekit-config.plist"; sourceTree = SOURCE_ROOT; };
		3CF372ECEBCE2BFECC26795E /* Pods-Account.debug.xcconfig */ = {isa = PBXFileReference; includeInIndex = 1; lastKnownFileType = text.xcconfig; name = "Pods-Account.debug.xcconfig"; path = "Target Support Files/Pods-Account/Pods-Account.debug.xcconfig"; sourceTree = "<group>"; };
		96BEF5D72615F4D5008DF46B /* Account.app */ = {isa = PBXFileReference; explicitFileType = wrapper.application; includeInIndex = 0; path = Account.app; sourceTree = BUILT_PRODUCTS_DIR; };
		96BEF5DA2615F4D5008DF46B /* AppDelegate.h */ = {isa = PBXFileReference; lastKnownFileType = sourcecode.c.h; path = AppDelegate.h; sourceTree = "<group>"; };
		96BEF5DB2615F4D5008DF46B /* AppDelegate.m */ = {isa = PBXFileReference; lastKnownFileType = sourcecode.c.objc; path = AppDelegate.m; sourceTree = "<group>"; };
		96BEF5DD2615F4D5008DF46B /* SceneDelegate.h */ = {isa = PBXFileReference; lastKnownFileType = sourcecode.c.h; path = SceneDelegate.h; sourceTree = "<group>"; };
		96BEF5DE2615F4D5008DF46B /* SceneDelegate.m */ = {isa = PBXFileReference; lastKnownFileType = sourcecode.c.objc; path = SceneDelegate.m; sourceTree = "<group>"; };
		96BEF5E02615F4D5008DF46B /* ViewController.h */ = {isa = PBXFileReference; lastKnownFileType = sourcecode.c.h; path = ViewController.h; sourceTree = "<group>"; };
		96BEF5E12615F4D5008DF46B /* ViewController.m */ = {isa = PBXFileReference; lastKnownFileType = sourcecode.c.objc; path = ViewController.m; sourceTree = "<group>"; };
		96BEF5E42615F4D5008DF46B /* Base */ = {isa = PBXFileReference; lastKnownFileType = file.storyboard; name = Base; path = Base.lproj/Main.storyboard; sourceTree = "<group>"; };
		96BEF5E62615F4D8008DF46B /* Assets.xcassets */ = {isa = PBXFileReference; lastKnownFileType = folder.assetcatalog; path = Assets.xcassets; sourceTree = "<group>"; };
		96BEF5E92615F4D8008DF46B /* Base */ = {isa = PBXFileReference; lastKnownFileType = file.storyboard; name = Base; path = Base.lproj/LaunchScreen.storyboard; sourceTree = "<group>"; };
		96BEF5EB2615F4D8008DF46B /* Info.plist */ = {isa = PBXFileReference; lastKnownFileType = text.plist.xml; path = Info.plist; sourceTree = "<group>"; };
		96BEF5EC2615F4D8008DF46B /* main.m */ = {isa = PBXFileReference; lastKnownFileType = sourcecode.c.objc; path = main.m; sourceTree = "<group>"; };
		B95F42AEE4FB5201F037316B /* libPods-Account.a */ = {isa = PBXFileReference; explicitFileType = archive.ar; includeInIndex = 0; path = "libPods-Account.a"; sourceTree = BUILT_PRODUCTS_DIR; };
/* End PBXFileReference section */

/* Begin PBXFrameworksBuildPhase section */
		96BEF5D42615F4D5008DF46B /* Frameworks */ = {
			isa = PBXFrameworksBuildPhase;
			buildActionMask = 2147483647;
			files = (
				B428284E1CD4C44BA407A88D /* libPods-Account.a in Frameworks */,
			);
			runOnlyForDeploymentPostprocessing = 0;
		};
/* End PBXFrameworksBuildPhase section */

/* Begin PBXGroup section */
		6260028C5553ABABCCEAC459 /* Pods */ = {
			isa = PBXGroup;
			children = (
				3CF372ECEBCE2BFECC26795E /* Pods-Account.debug.xcconfig */,
				0DEB6B6CB8A29813D8284251 /* Pods-Account.release.xcconfig */,
			);
			path = Pods;
			sourceTree = "<group>";
		};
		96BEF5CE2615F4D5008DF46B = {
			isa = PBXGroup;
			children = (
				96BEF5D92615F4D5008DF46B /* Account */,
				96BEF5D82615F4D5008DF46B /* Products */,
				6260028C5553ABABCCEAC459 /* Pods */,
				E5B20BADB7C1E6452C85F9D8 /* Frameworks */,
			);
			sourceTree = "<group>";
		};
		96BEF5D82615F4D5008DF46B /* Products */ = {
			isa = PBXGroup;
			children = (
				96BEF5D72615F4D5008DF46B /* Account.app */,
			);
			name = Products;
			sourceTree = "<group>";
		};
		96BEF5D92615F4D5008DF46B /* Account */ = {
			isa = PBXGroup;
			children = (
				2B8065FC26943EA900EE08D9 /* onekit-config.plist */,
				96BEF5DA2615F4D5008DF46B /* AppDelegate.h */,
				96BEF5DB2615F4D5008DF46B /* AppDelegate.m */,
				96BEF5DD2615F4D5008DF46B /* SceneDelegate.h */,
				96BEF5DE2615F4D5008DF46B /* SceneDelegate.m */,
				96BEF5E02615F4D5008DF46B /* ViewController.h */,
				96BEF5E12615F4D5008DF46B /* ViewController.m */,
				96BEF5E32615F4D5008DF46B /* Main.storyboard */,
				96BEF5E62615F4D8008DF46B /* Assets.xcassets */,
				96BEF5E82615F4D8008DF46B /* LaunchScreen.storyboard */,
				96BEF5EB2615F4D8008DF46B /* Info.plist */,
				96BEF5EC2615F4D8008DF46B /* main.m */,
			);
			path = Account;
			sourceTree = "<group>";
		};
		E5B20BADB7C1E6452C85F9D8 /* Frameworks */ = {
			isa = PBXGroup;
			children = (
				B95F42AEE4FB5201F037316B /* libPods-Account.a */,
			);
			name = Frameworks;
			sourceTree = "<group>";
		};
/* End PBXGroup section */

/* Begin PBXNativeTarget section */
		96BEF5D62615F4D5008DF46B /* Account */ = {
			isa = PBXNativeTarget;
			buildConfigurationList = 96BEF5F02615F4D8008DF46B /* Build configuration list for PBXNativeTarget "Account" */;
			buildPhases = (
				8BCBA2BAE1DF96E6392F8294 /* [CP] Check Pods Manifest.lock */,
				96BEF5D32615F4D5008DF46B /* Sources */,
				96BEF5D42615F4D5008DF46B /* Frameworks */,
				96BEF5D52615F4D5008DF46B /* Resources */,
				03BD1D7DAE314DBA095A4328 /* [CP] Copy Pods Resources */,
			);
			buildRules = (
			);
			dependencies = (
			);
			name = Account;
			productName = Account;
			productReference = 96BEF5D72615F4D5008DF46B /* Account.app */;
			productType = "com.apple.product-type.application";
		};
/* End PBXNativeTarget section */

/* Begin PBXProject section */
		96BEF5CF2615F4D5008DF46B /* Project object */ = {
			isa = PBXProject;
			attributes = {
				LastUpgradeCheck = 1240;
				TargetAttributes = {
					96BEF5D62615F4D5008DF46B = {
						CreatedOnToolsVersion = 12.4;
					};
				};
			};
			buildConfigurationList = 96BEF5D22615F4D5008DF46B /* Build configuration list for PBXProject "Account" */;
			compatibilityVersion = "Xcode 9.3";
			developmentRegion = en;
			hasScannedForEncodings = 0;
			knownRegions = (
				en,
				Base,
			);
			mainGroup = 96BEF5CE2615F4D5008DF46B;
			productRefGroup = 96BEF5D82615F4D5008DF46B /* Products */;
			projectDirPath = "";
			projectRoot = "";
			targets = (
				96BEF5D62615F4D5008DF46B /* Account */,
			);
		};
/* End PBXProject section */

/* Begin PBXResourcesBuildPhase section */
		96BEF5D52615F4D5008DF46B /* Resources */ = {
			isa = PBXResourcesBuildPhase;
			buildActionMask = 2147483647;
			files = (
				96BEF5EA2615F4D8008DF46B /* LaunchScreen.storyboard in Resources */,
				96BEF5E72615F4D8008DF46B /* Assets.xcassets in Resources */,
				2B8065FD26943EA900EE08D9 /* onekit-config.plist in Resources */,
				96BEF5E52615F4D5008DF46B /* Main.storyboard in Resources */,
			);
			runOnlyForDeploymentPostprocessing = 0;
		};
/* End PBXResourcesBuildPhase section */

/* Begin PBXShellScriptBuildPhase section */
		03BD1D7DAE314DBA095A4328 /* [CP] Copy Pods Resources */ = {
			isa = PBXShellScriptBuildPhase;
			buildActionMask = 2147483647;
			files = (
			);
			inputFileListPaths = (
				"${PODS_ROOT}/Target Support Files/Pods-Account/Pods-Account-resources-${CONFIGURATION}-input-files.xcfilelist",
			);
			name = "[CP] Copy Pods Resources";
			outputFileListPaths = (
				"${PODS_ROOT}/Target Support Files/Pods-Account/Pods-Account-resources-${CONFIGURATION}-output-files.xcfilelist",
			);
			runOnlyForDeploymentPostprocessing = 0;
			shellPath = /bin/sh;
			shellScript = "\"${PODS_ROOT}/Target Support Files/Pods-Account/Pods-Account-resources.sh\"\n";
			showEnvVarsInLog = 0;
		};
		8BCBA2BAE1DF96E6392F8294 /* [CP] Check Pods Manifest.lock */ = {
			isa = PBXShellScriptBuildPhase;
			buildActionMask = 2147483647;
			files = (
			);
			inputFileListPaths = (
			);
			inputPaths = (
				"${PODS_PODFILE_DIR_PATH}/Podfile.lock",
				"${PODS_ROOT}/Manifest.lock",
			);
			name = "[CP] Check Pods Manifest.lock";
			outputFileListPaths = (
			);
			outputPaths = (
				"$(DERIVED_FILE_DIR)/Pods-Account-checkManifestLockResult.txt",
			);
			runOnlyForDeploymentPostprocessing = 0;
			shellPath = /bin/sh;
			shellScript = "diff \"${PODS_PODFILE_DIR_PATH}/Podfile.lock\" \"${PODS_ROOT}/Manifest.lock\" > /dev/null\nif [ $? != 0 ] ; then\n    # print error to STDERR\n    echo \"error: The sandbox is not in sync with the Podfile.lock. Run 'pod install' or update your CocoaPods installation.\" >&2\n    exit 1\nfi\n# This output is used by Xcode 'outputs' to avoid re-running this script phase.\necho \"SUCCESS\" > \"${SCRIPT_OUTPUT_FILE_0}\"\n";
			showEnvVarsInLog = 0;
		};
/* End PBXShellScriptBuildPhase section */

/* Begin PBXSourcesBuildPhase section */
		96BEF5D32615F4D5008DF46B /* Sources */ = {
			isa = PBXSourcesBuildPhase;
			buildActionMask = 2147483647;
			files = (
				96BEF5E22615F4D5008DF46B /* ViewController.m in Sources */,
				96BEF5DC2615F4D5008DF46B /* AppDelegate.m in Sources */,
				96BEF5ED2615F4D8008DF46B /* main.m in Sources */,
				96BEF5DF2615F4D5008DF46B /* SceneDelegate.m in Sources */,
			);
			runOnlyForDeploymentPostprocessing = 0;
		};
/* End PBXSourcesBuildPhase section */

/* Begin PBXVariantGroup section */
		96BEF5E32615F4D5008DF46B /* Main.storyboard */ = {
			isa = PBXVariantGroup;
			children = (
				96BEF5E42615F4D5008DF46B /* Base */,
			);
			name = Main.storyboard;
			sourceTree = "<group>";
		};
		96BEF5E82615F4D8008DF46B /* LaunchScreen.storyboard */ = {
			isa = PBXVariantGroup;
			children = (
				96BEF5E92615F4D8008DF46B /* Base */,
			);
			name = LaunchScreen.storyboard;
			sourceTree = "<group>";
		};
/* End PBXVariantGroup section */

/* Begin XCBuildConfiguration section */
		96BEF5EE2615F4D8008DF46B /* Debug */ = {
			isa = XCBuildConfiguration;
			buildSettings = {
				ALWAYS_SEARCH_USER_PATHS = NO;
				CLANG_ANALYZER_NONNULL = YES;
				CLANG_ANALYZER_NUMBER_OBJECT_CONVERSION = YES_AGGRESSIVE;
				CLANG_CXX_LANGUAGE_STANDARD = "gnu++14";
				CLANG_CXX_LIBRARY = "libc++";
				CLANG_ENABLE_MODULES = YES;
				CLANG_ENABLE_OBJC_ARC = YES;
				CLANG_ENABLE_OBJC_WEAK = YES;
				CLANG_WARN_BLOCK_CAPTURE_AUTORELEASING = YES;
				CLANG_WARN_BOOL_CONVERSION = YES;
				CLANG_WARN_COMMA = YES;
				CLANG_WARN_CONSTANT_CONVERSION = YES;
				CLANG_WARN_DEPRECATED_OBJC_IMPLEMENTATIONS = YES;
				CLANG_WARN_DIRECT_OBJC_ISA_USAGE = YES_ERROR;
				CLANG_WARN_DOCUMENTATION_COMMENTS = YES;
				CLANG_WARN_EMPTY_BODY = YES;
				CLANG_WARN_ENUM_CONVERSION = YES;
				CLANG_WARN_INFINITE_RECURSION = YES;
				CLANG_WARN_INT_CONVERSION = YES;
				CLANG_WARN_NON_LITERAL_NULL_CONVERSION = YES;
				CLANG_WARN_OBJC_IMPLICIT_RETAIN_SELF = YES;
				CLANG_WARN_OBJC_LITERAL_CONVERSION = YES;
				CLANG_WARN_OBJC_ROOT_CLASS = YES_ERROR;
				CLANG_WARN_QUOTED_INCLUDE_IN_FRAMEWORK_HEADER = YES;
				CLANG_WARN_RANGE_LOOP_ANALYSIS = YES;
				CLANG_WARN_STRICT_PROTOTYPES = YES;
				CLANG_WARN_SUSPICIOUS_MOVE = YES;
				CLANG_WARN_UNGUARDED_AVAILABILITY = YES_AGGRESSIVE;
				CLANG_WARN_UNREACHABLE_CODE = YES;
				CLANG_WARN__DUPLICATE_METHOD_MATCH = YES;
				COPY_PHASE_STRIP = NO;
				DEBUG_INFORMATION_FORMAT = dwarf;
				ENABLE_STRICT_OBJC_MSGSEND = YES;
				ENABLE_TESTABILITY = YES;
				GCC_C_LANGUAGE_STANDARD = gnu11;
				GCC_DYNAMIC_NO_PIC = NO;
				GCC_NO_COMMON_BLOCKS = YES;
				GCC_OPTIMIZATION_LEVEL = 0;
				GCC_PREPROCESSOR_DEFINITIONS = (
					"DEBUG=1",
					"$(inherited)",
				);
				GCC_WARN_64_TO_32_BIT_CONVERSION = YES;
				GCC_WARN_ABOUT_RETURN_TYPE = YES_ERROR;
				GCC_WARN_UNDECLARED_SELECTOR = YES;
				GCC_WARN_UNINITIALIZED_AUTOS = YES_AGGRESSIVE;
				GCC_WARN_UNUSED_FUNCTION = YES;
				GCC_WARN_UNUSED_VARIABLE = YES;
				IPHONEOS_DEPLOYMENT_TARGET = 14.4;
				MTL_ENABLE_DEBUG_INFO = INCLUDE_SOURCE;
				MTL_FAST_MATH = YES;
				ONLY_ACTIVE_ARCH = YES;
				SDKROOT = iphoneos;
			};
			name = Debug;
		};
		96BEF5EF2615F4D8008DF46B /* Release */ = {
			isa = XCBuildConfiguration;
			buildSettings = {
				ALWAYS_SEARCH_USER_PATHS = NO;
				CLANG_ANALYZER_NONNULL = YES;
				CLANG_ANALYZER_NUMBER_OBJECT_CONVERSION = YES_AGGRESSIVE;
				CLANG_CXX_LANGUAGE_STANDARD = "gnu++14";
				CLANG_CXX_LIBRARY = "libc++";
				CLANG_ENABLE_MODULES = YES;
				CLANG_ENABLE_OBJC_ARC = YES;
				CLANG_ENABLE_OBJC_WEAK = YES;
				CLANG_WARN_BLOCK_CAPTURE_AUTORELEASING = YES;
				CLANG_WARN_BOOL_CONVERSION = YES;
				CLANG_WARN_COMMA = YES;
				CLANG_WARN_CONSTANT_CONVERSION = YES;
				CLANG_WARN_DEPRECATED_OBJC_IMPLEMENTATIONS = YES;
				CLANG_WARN_DIRECT_OBJC_ISA_USAGE = YES_ERROR;
				CLANG_WARN_DOCUMENTATION_COMMENTS = YES;
				CLANG_WARN_EMPTY_BODY = YES;
				CLANG_WARN_ENUM_CONVERSION = YES;
				CLANG_WARN_INFINITE_RECURSION = YES;
				CLANG_WARN_INT_CONVERSION = YES;
				CLANG_WARN_NON_LITERAL_NULL_CONVERSION = YES;
				CLANG_WARN_OBJC_IMPLICIT_RETAIN_SELF = YES;
				CLANG_WARN_OBJC_LITERAL_CONVERSION = YES;
				CLANG_WARN_OBJC_ROOT_CLASS = YES_ERROR;
				CLANG_WARN_QUOTED_INCLUDE_IN_FRAMEWORK_HEADER = YES;
				CLANG_WARN_RANGE_LOOP_ANALYSIS = YES;
				CLANG_WARN_STRICT_PROTOTYPES = YES;
				CLANG_WARN_SUSPICIOUS_MOVE = YES;
				CLANG_WARN_UNGUARDED_AVAILABILITY = YES_AGGRESSIVE;
				CLANG_WARN_UNREACHABLE_CODE = YES;
				CLANG_WARN__DUPLICATE_METHOD_MATCH = YES;
				COPY_PHASE_STRIP = NO;
				DEBUG_INFORMATION_FORMAT = "dwarf-with-dsym";
				ENABLE_NS_ASSERTIONS = NO;
				ENABLE_STRICT_OBJC_MSGSEND = YES;
				GCC_C_LANGUAGE_STANDARD = gnu11;
				GCC_NO_COMMON_BLOCKS = YES;
				GCC_WARN_64_TO_32_BIT_CONVERSION = YES;
				GCC_WARN_ABOUT_RETURN_TYPE = YES_ERROR;
				GCC_WARN_UNDECLARED_SELECTOR = YES;
				GCC_WARN_UNINITIALIZED_AUTOS = YES_AGGRESSIVE;
				GCC_WARN_UNUSED_FUNCTION = YES;
				GCC_WARN_UNUSED_VARIABLE = YES;
				IPHONEOS_DEPLOYMENT_TARGET = 14.4;
				MTL_ENABLE_DEBUG_INFO = NO;
				MTL_FAST_MATH = YES;
				SDKROOT = iphoneos;
				VALIDATE_PRODUCT = YES;
			};
			name = Release;
		};
		96BEF5F12615F4D8008DF46B /* Debug */ = {
			isa = XCBuildConfiguration;
			baseConfigurationReference = 3CF372ECEBCE2BFECC26795E /* Pods-Account.debug.xcconfig */;
			buildSettings = {
				ASSETCATALOG_COMPILER_APPICON_NAME = AppIcon;
				ASSETCATALOG_COMPILER_GLOBAL_ACCENT_COLOR_NAME = AccentColor;
				CODE_SIGN_IDENTITY = "Apple Development";
				CODE_SIGN_STYLE = Automatic;
				CURRENT_PROJECT_VERSION = 6.3;
				DEVELOPMENT_TEAM = V83682JSKT;
				ENABLE_BITCODE = NO;
				INFOPLIST_FILE = Account/Info.plist;
				IPHONEOS_DEPLOYMENT_TARGET = 13.0;
				LD_RUNPATH_SEARCH_PATHS = (
					"$(inherited)",
					"@executable_path/Frameworks",
				);
				MARKETING_VERSION = 6.3;
				PRODUCT_BUNDLE_IDENTIFIER = site.zlrs.mobile.ios.enterprise.Account;
				PRODUCT_NAME = "$(TARGET_NAME)";
				PROVISIONING_PROFILE_SPECIFIER = "";
				TARGETED_DEVICE_FAMILY = "1,2";
			};
			name = Debug;
		};
		96BEF5F22615F4D8008DF46B /* Release */ = {
			isa = XCBuildConfiguration;
			baseConfigurationReference = 0DEB6B6CB8A29813D8284251 /* Pods-Account.release.xcconfig */;
			buildSettings = {
				ASSETCATALOG_COMPILER_APPICON_NAME = AppIcon;
				ASSETCATALOG_COMPILER_GLOBAL_ACCENT_COLOR_NAME = AccentColor;
				CODE_SIGN_IDENTITY = "Apple Development";
				CODE_SIGN_STYLE = Automatic;
				CURRENT_PROJECT_VERSION = 6.3;
				DEVELOPMENT_TEAM = V83682JSKT;
				ENABLE_BITCODE = NO;
				INFOPLIST_FILE = Account/Info.plist;
				IPHONEOS_DEPLOYMENT_TARGET = 13.0;
				LD_RUNPATH_SEARCH_PATHS = (
					"$(inherited)",
					"@executable_path/Frameworks",
				);
				MARKETING_VERSION = 6.3;
				PRODUCT_BUNDLE_IDENTIFIER = site.zlrs.mobile.ios.enterprise.Account;
				PRODUCT_NAME = "$(TARGET_NAME)";
				PROVISIONING_PROFILE_SPECIFIER = "";
				TARGETED_DEVICE_FAMILY = "1,2";
			};
			name = Release;
		};
/* End XCBuildConfiguration section */

/* Begin XCConfigurationList section */
		96BEF5D22615F4D5008DF46B /* Build configuration list for PBXProject "Account" */ = {
			isa = XCConfigurationList;
			buildConfigurations = (
				96BEF5EE2615F4D8008DF46B /* Debug */,
				96BEF5EF2615F4D8008DF46B /* Release */,
			);
			defaultConfigurationIsVisible = 0;
			defaultConfigurationName = Release;
		};
		96BEF5F02615F4D8008DF46B /* Build configuration list for PBXNativeTarget "Account" */ = {
			isa = XCConfigurationList;
			buildConfigurations = (
				96BEF5F12615F4D8008DF46B /* Debug */,
				96BEF5F22615F4D8008DF46B /* Release */,
			);
			defaultConfigurationIsVisible = 0;
			defaultConfigurationName = Release;
		};
/* End XCConfigurationList section */
	};
	rootObject = 96BEF5CF2615F4D5008DF46B /* Project object */;
}
